// !$*UTF8*$!
{
	archiveVersion = 1;
	classes = {
	};
	objectVersion = 46;
	objects = {

/* Begin PBXBuildFile section */
		964656751DC04A8C0089D293 /* AppDelegate.swift in Sources */ = {isa = PBXBuildFile; fileRef = 964656741DC04A8C0089D293 /* AppDelegate.swift */; };
		964656771DC04A8C0089D293 /* WorkoutsTableViewController.swift in Sources */ = {isa = PBXBuildFile; fileRef = 964656761DC04A8C0089D293 /* WorkoutsTableViewController.swift */; };
		964656791DC04A8C0089D293 /* CurrentWorkoutViewController.swift in Sources */ = {isa = PBXBuildFile; fileRef = 964656781DC04A8C0089D293 /* CurrentWorkoutViewController.swift */; };
		9646567C1DC04A8C0089D293 /* Main.storyboard in Resources */ = {isa = PBXBuildFile; fileRef = 9646567A1DC04A8C0089D293 /* Main.storyboard */; };
		9646567E1DC04A8C0089D293 /* Assets.xcassets in Resources */ = {isa = PBXBuildFile; fileRef = 9646567D1DC04A8C0089D293 /* Assets.xcassets */; };
		964656811DC04A8C0089D293 /* LaunchScreen.storyboard in Resources */ = {isa = PBXBuildFile; fileRef = 9646567F1DC04A8C0089D293 /* LaunchScreen.storyboard */; };
		9646568C1DC04A8C0089D293 /* Workout_ManagerTests.swift in Sources */ = {isa = PBXBuildFile; fileRef = 9646568B1DC04A8C0089D293 /* Workout_ManagerTests.swift */; };
		964656971DC04A8C0089D293 /* Workout_ManagerUITests.swift in Sources */ = {isa = PBXBuildFile; fileRef = 964656961DC04A8C0089D293 /* Workout_ManagerUITests.swift */; };
		964656A51DC04D220089D293 /* ExercisesViewController.swift in Sources */ = {isa = PBXBuildFile; fileRef = 964656A41DC04D220089D293 /* ExercisesViewController.swift */; };
		964656A81DC04EDD0089D293 /* Exercise.swift in Sources */ = {isa = PBXBuildFile; fileRef = 964656A71DC04EDD0089D293 /* Exercise.swift */; };
		964656AA1DC04EEA0089D293 /* Workout.swift in Sources */ = {isa = PBXBuildFile; fileRef = 964656A91DC04EEA0089D293 /* Workout.swift */; };
		964656AC1DC05B110089D293 /* DataController.swift in Sources */ = {isa = PBXBuildFile; fileRef = 964656AB1DC05B110089D293 /* DataController.swift */; };
		964656AE1DC0716D0089D293 /* WorkoutTableViewCell.swift in Sources */ = {isa = PBXBuildFile; fileRef = 964656AD1DC0716D0089D293 /* WorkoutTableViewCell.swift */; };
		96C4D46E1DC59AC900FABD09 /* WorkoutDetailsViewController.swift in Sources */ = {isa = PBXBuildFile; fileRef = 96C4D46D1DC59AC900FABD09 /* WorkoutDetailsViewController.swift */; };
		96C4D4701DC59FEC00FABD09 /* WorkoutDetailTableViewCell.swift in Sources */ = {isa = PBXBuildFile; fileRef = 96C4D46F1DC59FEC00FABD09 /* WorkoutDetailTableViewCell.swift */; };
		96C4D4731DC5A6CE00FABD09 /* AddExerciseTableViewCell.swift in Sources */ = {isa = PBXBuildFile; fileRef = 96C4D4721DC5A6CE00FABD09 /* AddExerciseTableViewCell.swift */; };
		96C4D4751DC5C02900FABD09 /* ExerciseTableViewCell.swift in Sources */ = {isa = PBXBuildFile; fileRef = 96C4D4741DC5C02900FABD09 /* ExerciseTableViewCell.swift */; };
		96C4D4771DC5C0C400FABD09 /* AddExerciseViewController.swift in Sources */ = {isa = PBXBuildFile; fileRef = 96C4D4761DC5C0C400FABD09 /* AddExerciseViewController.swift */; };
/* End PBXBuildFile section */

/* Begin PBXContainerItemProxy section */
		964656881DC04A8C0089D293 /* PBXContainerItemProxy */ = {
			isa = PBXContainerItemProxy;
			containerPortal = 964656691DC04A8C0089D293 /* Project object */;
			proxyType = 1;
			remoteGlobalIDString = 964656701DC04A8C0089D293;
			remoteInfo = "Workout Manager";
		};
		964656931DC04A8C0089D293 /* PBXContainerItemProxy */ = {
			isa = PBXContainerItemProxy;
			containerPortal = 964656691DC04A8C0089D293 /* Project object */;
			proxyType = 1;
			remoteGlobalIDString = 964656701DC04A8C0089D293;
			remoteInfo = "Workout Manager";
		};
/* End PBXContainerItemProxy section */

/* Begin PBXFileReference section */
		964656711DC04A8C0089D293 /* Workout Manager.app */ = {isa = PBXFileReference; explicitFileType = wrapper.application; includeInIndex = 0; path = "Workout Manager.app"; sourceTree = BUILT_PRODUCTS_DIR; };
		964656741DC04A8C0089D293 /* AppDelegate.swift */ = {isa = PBXFileReference; lastKnownFileType = sourcecode.swift; path = AppDelegate.swift; sourceTree = "<group>"; };
		964656761DC04A8C0089D293 /* WorkoutsTableViewController.swift */ = {isa = PBXFileReference; lastKnownFileType = sourcecode.swift; path = WorkoutsTableViewController.swift; sourceTree = "<group>"; };
		964656781DC04A8C0089D293 /* CurrentWorkoutViewController.swift */ = {isa = PBXFileReference; lastKnownFileType = sourcecode.swift; path = CurrentWorkoutViewController.swift; sourceTree = "<group>"; };
		9646567B1DC04A8C0089D293 /* Base */ = {isa = PBXFileReference; lastKnownFileType = file.storyboard; name = Base; path = Base.lproj/Main.storyboard; sourceTree = "<group>"; };
		9646567D1DC04A8C0089D293 /* Assets.xcassets */ = {isa = PBXFileReference; lastKnownFileType = folder.assetcatalog; path = Assets.xcassets; sourceTree = "<group>"; };
		964656801DC04A8C0089D293 /* Base */ = {isa = PBXFileReference; lastKnownFileType = file.storyboard; name = Base; path = Base.lproj/LaunchScreen.storyboard; sourceTree = "<group>"; };
		964656821DC04A8C0089D293 /* Info.plist */ = {isa = PBXFileReference; lastKnownFileType = text.plist.xml; path = Info.plist; sourceTree = "<group>"; };
		964656871DC04A8C0089D293 /* Workout ManagerTests.xctest */ = {isa = PBXFileReference; explicitFileType = wrapper.cfbundle; includeInIndex = 0; path = "Workout ManagerTests.xctest"; sourceTree = BUILT_PRODUCTS_DIR; };
		9646568B1DC04A8C0089D293 /* Workout_ManagerTests.swift */ = {isa = PBXFileReference; lastKnownFileType = sourcecode.swift; path = Workout_ManagerTests.swift; sourceTree = "<group>"; };
		9646568D1DC04A8C0089D293 /* Info.plist */ = {isa = PBXFileReference; lastKnownFileType = text.plist.xml; path = Info.plist; sourceTree = "<group>"; };
		964656921DC04A8C0089D293 /* Workout ManagerUITests.xctest */ = {isa = PBXFileReference; explicitFileType = wrapper.cfbundle; includeInIndex = 0; path = "Workout ManagerUITests.xctest"; sourceTree = BUILT_PRODUCTS_DIR; };
		964656961DC04A8C0089D293 /* Workout_ManagerUITests.swift */ = {isa = PBXFileReference; lastKnownFileType = sourcecode.swift; path = Workout_ManagerUITests.swift; sourceTree = "<group>"; };
		964656981DC04A8C0089D293 /* Info.plist */ = {isa = PBXFileReference; lastKnownFileType = text.plist.xml; path = Info.plist; sourceTree = "<group>"; };
		964656A41DC04D220089D293 /* ExercisesViewController.swift */ = {isa = PBXFileReference; fileEncoding = 4; lastKnownFileType = sourcecode.swift; path = ExercisesViewController.swift; sourceTree = "<group>"; };
		964656A71DC04EDD0089D293 /* Exercise.swift */ = {isa = PBXFileReference; fileEncoding = 4; lastKnownFileType = sourcecode.swift; path = Exercise.swift; sourceTree = "<group>"; };
		964656A91DC04EEA0089D293 /* Workout.swift */ = {isa = PBXFileReference; fileEncoding = 4; lastKnownFileType = sourcecode.swift; path = Workout.swift; sourceTree = "<group>"; };
		964656AB1DC05B110089D293 /* DataController.swift */ = {isa = PBXFileReference; fileEncoding = 4; lastKnownFileType = sourcecode.swift; path = DataController.swift; sourceTree = "<group>"; };
		964656AD1DC0716D0089D293 /* WorkoutTableViewCell.swift */ = {isa = PBXFileReference; fileEncoding = 4; lastKnownFileType = sourcecode.swift; path = WorkoutTableViewCell.swift; sourceTree = "<group>"; };
		96C4D46D1DC59AC900FABD09 /* WorkoutDetailsViewController.swift */ = {isa = PBXFileReference; fileEncoding = 4; lastKnownFileType = sourcecode.swift; path = WorkoutDetailsViewController.swift; sourceTree = "<group>"; };
		96C4D46F1DC59FEC00FABD09 /* WorkoutDetailTableViewCell.swift */ = {isa = PBXFileReference; fileEncoding = 4; lastKnownFileType = sourcecode.swift; path = WorkoutDetailTableViewCell.swift; sourceTree = "<group>"; };
		96C4D4721DC5A6CE00FABD09 /* AddExerciseTableViewCell.swift */ = {isa = PBXFileReference; fileEncoding = 4; lastKnownFileType = sourcecode.swift; path = AddExerciseTableViewCell.swift; sourceTree = "<group>"; };
		96C4D4741DC5C02900FABD09 /* ExerciseTableViewCell.swift */ = {isa = PBXFileReference; fileEncoding = 4; lastKnownFileType = sourcecode.swift; path = ExerciseTableViewCell.swift; sourceTree = "<group>"; };
		96C4D4761DC5C0C400FABD09 /* AddExerciseViewController.swift */ = {isa = PBXFileReference; fileEncoding = 4; lastKnownFileType = sourcecode.swift; path = AddExerciseViewController.swift; sourceTree = "<group>"; };
/* End PBXFileReference section */

/* Begin PBXFrameworksBuildPhase section */
		9646566E1DC04A8C0089D293 /* Frameworks */ = {
			isa = PBXFrameworksBuildPhase;
			buildActionMask = 2147483647;
			files = (
			);
			runOnlyForDeploymentPostprocessing = 0;
		};
		964656841DC04A8C0089D293 /* Frameworks */ = {
			isa = PBXFrameworksBuildPhase;
			buildActionMask = 2147483647;
			files = (
			);
			runOnlyForDeploymentPostprocessing = 0;
		};
		9646568F1DC04A8C0089D293 /* Frameworks */ = {
			isa = PBXFrameworksBuildPhase;
			buildActionMask = 2147483647;
			files = (
			);
			runOnlyForDeploymentPostprocessing = 0;
		};
/* End PBXFrameworksBuildPhase section */

/* Begin PBXGroup section */
		964656681DC04A8C0089D293 = {
			isa = PBXGroup;
			children = (
				964656731DC04A8C0089D293 /* Workout Manager */,
				9646568A1DC04A8C0089D293 /* Workout ManagerTests */,
				964656951DC04A8C0089D293 /* Workout ManagerUITests */,
				964656721DC04A8C0089D293 /* Products */,
			);
			sourceTree = "<group>";
		};
		964656721DC04A8C0089D293 /* Products */ = {
			isa = PBXGroup;
			children = (
				964656711DC04A8C0089D293 /* Workout Manager.app */,
				964656871DC04A8C0089D293 /* Workout ManagerTests.xctest */,
				964656921DC04A8C0089D293 /* Workout ManagerUITests.xctest */,
			);
			name = Products;
			sourceTree = "<group>";
		};
		964656731DC04A8C0089D293 /* Workout Manager */ = {
			isa = PBXGroup;
			children = (
				964656A61DC04EA20089D293 /* Model */,
				96C4D4711DC59FFE00FABD09 /* WorkoutsTab */,
				964656741DC04A8C0089D293 /* AppDelegate.swift */,
				964656781DC04A8C0089D293 /* CurrentWorkoutViewController.swift */,
				964656A41DC04D220089D293 /* ExercisesViewController.swift */,
				9646567A1DC04A8C0089D293 /* Main.storyboard */,
				9646567D1DC04A8C0089D293 /* Assets.xcassets */,
				9646567F1DC04A8C0089D293 /* LaunchScreen.storyboard */,
				964656821DC04A8C0089D293 /* Info.plist */,
			);
			path = "Workout Manager";
			sourceTree = "<group>";
		};
		9646568A1DC04A8C0089D293 /* Workout ManagerTests */ = {
			isa = PBXGroup;
			children = (
				9646568B1DC04A8C0089D293 /* Workout_ManagerTests.swift */,
				9646568D1DC04A8C0089D293 /* Info.plist */,
			);
			path = "Workout ManagerTests";
			sourceTree = "<group>";
		};
		964656951DC04A8C0089D293 /* Workout ManagerUITests */ = {
			isa = PBXGroup;
			children = (
				964656961DC04A8C0089D293 /* Workout_ManagerUITests.swift */,
				964656981DC04A8C0089D293 /* Info.plist */,
			);
			path = "Workout ManagerUITests";
			sourceTree = "<group>";
		};
		964656A61DC04EA20089D293 /* Model */ = {
			isa = PBXGroup;
			children = (
				964656A71DC04EDD0089D293 /* Exercise.swift */,
				964656A91DC04EEA0089D293 /* Workout.swift */,
				964656AB1DC05B110089D293 /* DataController.swift */,
			);
			name = Model;
			sourceTree = "<group>";
		};
		96C4D4711DC59FFE00FABD09 /* WorkoutsTab */ = {
			isa = PBXGroup;
			children = (
				964656761DC04A8C0089D293 /* WorkoutsTableViewController.swift */,
				964656AD1DC0716D0089D293 /* WorkoutTableViewCell.swift */,
				96C4D46D1DC59AC900FABD09 /* WorkoutDetailsViewController.swift */,
				96C4D46F1DC59FEC00FABD09 /* WorkoutDetailTableViewCell.swift */,
				96C4D4721DC5A6CE00FABD09 /* AddExerciseTableViewCell.swift */,
				96C4D4761DC5C0C400FABD09 /* AddExerciseViewController.swift */,
				96C4D4741DC5C02900FABD09 /* ExerciseTableViewCell.swift */,
			);
			name = WorkoutsTab;
			sourceTree = "<group>";
		};
/* End PBXGroup section */

/* Begin PBXNativeTarget section */
		964656701DC04A8C0089D293 /* Workout Manager */ = {
			isa = PBXNativeTarget;
			buildConfigurationList = 9646569B1DC04A8C0089D293 /* Build configuration list for PBXNativeTarget "Workout Manager" */;
			buildPhases = (
				9646566D1DC04A8C0089D293 /* Sources */,
				9646566E1DC04A8C0089D293 /* Frameworks */,
				9646566F1DC04A8C0089D293 /* Resources */,
			);
			buildRules = (
			);
			dependencies = (
			);
			name = "Workout Manager";
			productName = "Workout Manager";
			productReference = 964656711DC04A8C0089D293 /* Workout Manager.app */;
			productType = "com.apple.product-type.application";
		};
		964656861DC04A8C0089D293 /* Workout ManagerTests */ = {
			isa = PBXNativeTarget;
			buildConfigurationList = 9646569E1DC04A8C0089D293 /* Build configuration list for PBXNativeTarget "Workout ManagerTests" */;
			buildPhases = (
				964656831DC04A8C0089D293 /* Sources */,
				964656841DC04A8C0089D293 /* Frameworks */,
				964656851DC04A8C0089D293 /* Resources */,
			);
			buildRules = (
			);
			dependencies = (
				964656891DC04A8C0089D293 /* PBXTargetDependency */,
			);
			name = "Workout ManagerTests";
			productName = "Workout ManagerTests";
			productReference = 964656871DC04A8C0089D293 /* Workout ManagerTests.xctest */;
			productType = "com.apple.product-type.bundle.unit-test";
		};
		964656911DC04A8C0089D293 /* Workout ManagerUITests */ = {
			isa = PBXNativeTarget;
			buildConfigurationList = 964656A11DC04A8C0089D293 /* Build configuration list for PBXNativeTarget "Workout ManagerUITests" */;
			buildPhases = (
				9646568E1DC04A8C0089D293 /* Sources */,
				9646568F1DC04A8C0089D293 /* Frameworks */,
				964656901DC04A8C0089D293 /* Resources */,
			);
			buildRules = (
			);
			dependencies = (
				964656941DC04A8C0089D293 /* PBXTargetDependency */,
			);
			name = "Workout ManagerUITests";
			productName = "Workout ManagerUITests";
			productReference = 964656921DC04A8C0089D293 /* Workout ManagerUITests.xctest */;
			productType = "com.apple.product-type.bundle.ui-testing";
		};
/* End PBXNativeTarget section */

/* Begin PBXProject section */
		964656691DC04A8C0089D293 /* Project object */ = {
			isa = PBXProject;
			attributes = {
				LastSwiftUpdateCheck = 0730;
				LastUpgradeCheck = 0730;
				ORGANIZATIONNAME = "Jason Learning Co";
				TargetAttributes = {
					964656701DC04A8C0089D293 = {
						CreatedOnToolsVersion = 7.3.1;
					};
					964656861DC04A8C0089D293 = {
						CreatedOnToolsVersion = 7.3.1;
						TestTargetID = 964656701DC04A8C0089D293;
					};
					964656911DC04A8C0089D293 = {
						CreatedOnToolsVersion = 7.3.1;
						TestTargetID = 964656701DC04A8C0089D293;
					};
				};
			};
			buildConfigurationList = 9646566C1DC04A8C0089D293 /* Build configuration list for PBXProject "Workout Manager" */;
			compatibilityVersion = "Xcode 3.2";
			developmentRegion = English;
			hasScannedForEncodings = 0;
			knownRegions = (
				en,
				Base,
			);
			mainGroup = 964656681DC04A8C0089D293;
			productRefGroup = 964656721DC04A8C0089D293 /* Products */;
			projectDirPath = "";
			projectRoot = "";
			targets = (
				964656701DC04A8C0089D293 /* Workout Manager */,
				964656861DC04A8C0089D293 /* Workout ManagerTests */,
				964656911DC04A8C0089D293 /* Workout ManagerUITests */,
			);
		};
/* End PBXProject section */

/* Begin PBXResourcesBuildPhase section */
		9646566F1DC04A8C0089D293 /* Resources */ = {
			isa = PBXResourcesBuildPhase;
			buildActionMask = 2147483647;
			files = (
				964656811DC04A8C0089D293 /* LaunchScreen.storyboard in Resources */,
				9646567E1DC04A8C0089D293 /* Assets.xcassets in Resources */,
				9646567C1DC04A8C0089D293 /* Main.storyboard in Resources */,
			);
			runOnlyForDeploymentPostprocessing = 0;
		};
		964656851DC04A8C0089D293 /* Resources */ = {
			isa = PBXResourcesBuildPhase;
			buildActionMask = 2147483647;
			files = (
			);
			runOnlyForDeploymentPostprocessing = 0;
		};
		964656901DC04A8C0089D293 /* Resources */ = {
			isa = PBXResourcesBuildPhase;
			buildActionMask = 2147483647;
			files = (
			);
			runOnlyForDeploymentPostprocessing = 0;
		};
/* End PBXResourcesBuildPhase section */

/* Begin PBXSourcesBuildPhase section */
		9646566D1DC04A8C0089D293 /* Sources */ = {
			isa = PBXSourcesBuildPhase;
			buildActionMask = 2147483647;
			files = (
				964656AC1DC05B110089D293 /* DataController.swift in Sources */,
				96C4D4731DC5A6CE00FABD09 /* AddExerciseTableViewCell.swift in Sources */,
				964656A81DC04EDD0089D293 /* Exercise.swift in Sources */,
				964656AE1DC0716D0089D293 /* WorkoutTableViewCell.swift in Sources */,
				964656791DC04A8C0089D293 /* CurrentWorkoutViewController.swift in Sources */,
				96C4D4701DC59FEC00FABD09 /* WorkoutDetailTableViewCell.swift in Sources */,
				964656751DC04A8C0089D293 /* AppDelegate.swift in Sources */,
				964656A51DC04D220089D293 /* ExercisesViewController.swift in Sources */,
				964656771DC04A8C0089D293 /* WorkoutsTableViewController.swift in Sources */,
				96C4D4751DC5C02900FABD09 /* ExerciseTableViewCell.swift in Sources */,
				96C4D46E1DC59AC900FABD09 /* WorkoutDetailsViewController.swift in Sources */,
				96C4D4771DC5C0C400FABD09 /* AddExerciseViewController.swift in Sources */,
				964656AA1DC04EEA0089D293 /* Workout.swift in Sources */,
			);
			runOnlyForDeploymentPostprocessing = 0;
		};
		964656831DC04A8C0089D293 /* Sources */ = {
			isa = PBXSourcesBuildPhase;
			buildActionMask = 2147483647;
			files = (
				9646568C1DC04A8C0089D293 /* Workout_ManagerTests.swift in Sources */,
			);
			runOnlyForDeploymentPostprocessing = 0;
		};
		9646568E1DC04A8C0089D293 /* Sources */ = {
			isa = PBXSourcesBuildPhase;
			buildActionMask = 2147483647;
			files = (
				964656971DC04A8C0089D293 /* Workout_ManagerUITests.swift in Sources */,
			);
			runOnlyForDeploymentPostprocessing = 0;
		};
/* End PBXSourcesBuildPhase section */

/* Begin PBXTargetDependency section */
		964656891DC04A8C0089D293 /* PBXTargetDependency */ = {
			isa = PBXTargetDependency;
			target = 964656701DC04A8C0089D293 /* Workout Manager */;
			targetProxy = 964656881DC04A8C0089D293 /* PBXContainerItemProxy */;
		};
		964656941DC04A8C0089D293 /* PBXTargetDependency */ = {
			isa = PBXTargetDependency;
			target = 964656701DC04A8C0089D293 /* Workout Manager */;
			targetProxy = 964656931DC04A8C0089D293 /* PBXContainerItemProxy */;
		};
/* End PBXTargetDependency section */

/* Begin PBXVariantGroup section */
		9646567A1DC04A8C0089D293 /* Main.storyboard */ = {
			isa = PBXVariantGroup;
			children = (
				9646567B1DC04A8C0089D293 /* Base */,
			);
			name = Main.storyboard;
			sourceTree = "<group>";
		};
		9646567F1DC04A8C0089D293 /* LaunchScreen.storyboard */ = {
			isa = PBXVariantGroup;
			children = (
				964656801DC04A8C0089D293 /* Base */,
			);
			name = LaunchScreen.storyboard;
			sourceTree = "<group>";
		};
/* End PBXVariantGroup section */

/* Begin XCBuildConfiguration section */
		964656991DC04A8C0089D293 /* Debug */ = {
			isa = XCBuildConfiguration;
			buildSettings = {
				ALWAYS_SEARCH_USER_PATHS = NO;
				CLANG_ANALYZER_NONNULL = YES;
				CLANG_CXX_LANGUAGE_STANDARD = "gnu++0x";
				CLANG_CXX_LIBRARY = "libc++";
				CLANG_ENABLE_MODULES = YES;
				CLANG_ENABLE_OBJC_ARC = YES;
				CLANG_WARN_BOOL_CONVERSION = YES;
				CLANG_WARN_CONSTANT_CONVERSION = YES;
				CLANG_WARN_DIRECT_OBJC_ISA_USAGE = YES_ERROR;
				CLANG_WARN_EMPTY_BODY = YES;
				CLANG_WARN_ENUM_CONVERSION = YES;
				CLANG_WARN_INT_CONVERSION = YES;
				CLANG_WARN_OBJC_ROOT_CLASS = YES_ERROR;
				CLANG_WARN_UNREACHABLE_CODE = YES;
				CLANG_WARN__DUPLICATE_METHOD_MATCH = YES;
				"CODE_SIGN_IDENTITY[sdk=iphoneos*]" = "iPhone Developer";
				COPY_PHASE_STRIP = NO;
				DEBUG_INFORMATION_FORMAT = dwarf;
				ENABLE_STRICT_OBJC_MSGSEND = YES;
				ENABLE_TESTABILITY = YES;
				GCC_C_LANGUAGE_STANDARD = gnu99;
				GCC_DYNAMIC_NO_PIC = NO;
				GCC_NO_COMMON_BLOCKS = YES;
				GCC_OPTIMIZATION_LEVEL = 0;
				GCC_PREPROCESSOR_DEFINITIONS = (
					"DEBUG=1",
					"$(inherited)",
				);
				GCC_WARN_64_TO_32_BIT_CONVERSION = YES;
				GCC_WARN_ABOUT_RETURN_TYPE = YES_ERROR;
				GCC_WARN_UNDECLARED_SELECTOR = YES;
				GCC_WARN_UNINITIALIZED_AUTOS = YES_AGGRESSIVE;
				GCC_WARN_UNUSED_FUNCTION = YES;
				GCC_WARN_UNUSED_VARIABLE = YES;
				IPHONEOS_DEPLOYMENT_TARGET = 9.3;
				MTL_ENABLE_DEBUG_INFO = YES;
				ONLY_ACTIVE_ARCH = YES;
				SDKROOT = iphoneos;
				SWIFT_OPTIMIZATION_LEVEL = "-Onone";
				TARGETED_DEVICE_FAMILY = "1,2";
			};
			name = Debug;
		};
		9646569A1DC04A8C0089D293 /* Release */ = {
			isa = XCBuildConfiguration;
			buildSettings = {
				ALWAYS_SEARCH_USER_PATHS = NO;
				CLANG_ANALYZER_NONNULL = YES;
				CLANG_CXX_LANGUAGE_STANDARD = "gnu++0x";
				CLANG_CXX_LIBRARY = "libc++";
				CLANG_ENABLE_MODULES = YES;
				CLANG_ENABLE_OBJC_ARC = YES;
				CLANG_WARN_BOOL_CONVERSION = YES;
				CLANG_WARN_CONSTANT_CONVERSION = YES;
				CLANG_WARN_DIRECT_OBJC_ISA_USAGE = YES_ERROR;
				CLANG_WARN_EMPTY_BODY = YES;
				CLANG_WARN_ENUM_CONVERSION = YES;
				CLANG_WARN_INT_CONVERSION = YES;
				CLANG_WARN_OBJC_ROOT_CLASS = YES_ERROR;
				CLANG_WARN_UNREACHABLE_CODE = YES;
				CLANG_WARN__DUPLICATE_METHOD_MATCH = YES;
				"CODE_SIGN_IDENTITY[sdk=iphoneos*]" = "iPhone Developer";
				COPY_PHASE_STRIP = NO;
				DEBUG_INFORMATION_FORMAT = "dwarf-with-dsym";
				ENABLE_NS_ASSERTIONS = NO;
				ENABLE_STRICT_OBJC_MSGSEND = YES;
				GCC_C_LANGUAGE_STANDARD = gnu99;
				GCC_NO_COMMON_BLOCKS = YES;
				GCC_WARN_64_TO_32_BIT_CONVERSION = YES;
				GCC_WARN_ABOUT_RETURN_TYPE = YES_ERROR;
				GCC_WARN_UNDECLARED_SELECTOR = YES;
				GCC_WARN_UNINITIALIZED_AUTOS = YES_AGGRESSIVE;
				GCC_WARN_UNUSED_FUNCTION = YES;
				GCC_WARN_UNUSED_VARIABLE = YES;
				IPHONEOS_DEPLOYMENT_TARGET = 9.3;
				MTL_ENABLE_DEBUG_INFO = NO;
				SDKROOT = iphoneos;
				TARGETED_DEVICE_FAMILY = "1,2";
				VALIDATE_PRODUCT = YES;
			};
			name = Release;
		};
		9646569C1DC04A8C0089D293 /* Debug */ = {
			isa = XCBuildConfiguration;
			buildSettings = {
				ASSETCATALOG_COMPILER_APPICON_NAME = AppIcon;
				INFOPLIST_FILE = "Workout Manager/Info.plist";
				LD_RUNPATH_SEARCH_PATHS = "$(inherited) @executable_path/Frameworks";
				PRODUCT_BUNDLE_IDENTIFIER = "ca.jvoll.Workout-Manager";
				PRODUCT_NAME = "$(TARGET_NAME)";
			};
			name = Debug;
		};
		9646569D1DC04A8C0089D293 /* Release */ = {
			isa = XCBuildConfiguration;
			buildSettings = {
				ASSETCATALOG_COMPILER_APPICON_NAME = AppIcon;
				INFOPLIST_FILE = "Workout Manager/Info.plist";
				LD_RUNPATH_SEARCH_PATHS = "$(inherited) @executable_path/Frameworks";
				PRODUCT_BUNDLE_IDENTIFIER = "ca.jvoll.Workout-Manager";
				PRODUCT_NAME = "$(TARGET_NAME)";
			};
			name = Release;
		};
		9646569F1DC04A8C0089D293 /* Debug */ = {
			isa = XCBuildConfiguration;
			buildSettings = {
				BUNDLE_LOADER = "$(TEST_HOST)";
				INFOPLIST_FILE = "Workout ManagerTests/Info.plist";
				LD_RUNPATH_SEARCH_PATHS = "$(inherited) @executable_path/Frameworks @loader_path/Frameworks";
				PRODUCT_BUNDLE_IDENTIFIER = "ca.jvoll.Workout-ManagerTests";
				PRODUCT_NAME = "$(TARGET_NAME)";
				TEST_HOST = "$(BUILT_PRODUCTS_DIR)/Workout Manager.app/Workout Manager";
			};
			name = Debug;
		};
		964656A01DC04A8C0089D293 /* Release */ = {
			isa = XCBuildConfiguration;
			buildSettings = {
				BUNDLE_LOADER = "$(TEST_HOST)";
				INFOPLIST_FILE = "Workout ManagerTests/Info.plist";
				LD_RUNPATH_SEARCH_PATHS = "$(inherited) @executable_path/Frameworks @loader_path/Frameworks";
				PRODUCT_BUNDLE_IDENTIFIER = "ca.jvoll.Workout-ManagerTests";
				PRODUCT_NAME = "$(TARGET_NAME)";
				TEST_HOST = "$(BUILT_PRODUCTS_DIR)/Workout Manager.app/Workout Manager";
			};
			name = Release;
		};
		964656A21DC04A8C0089D293 /* Debug */ = {
			isa = XCBuildConfiguration;
			buildSettings = {
				INFOPLIST_FILE = "Workout ManagerUITests/Info.plist";
				LD_RUNPATH_SEARCH_PATHS = "$(inherited) @executable_path/Frameworks @loader_path/Frameworks";
				PRODUCT_BUNDLE_IDENTIFIER = "ca.jvoll.Workout-ManagerUITests";
				PRODUCT_NAME = "$(TARGET_NAME)";
				TEST_TARGET_NAME = "Workout Manager";
			};
			name = Debug;
		};
		964656A31DC04A8C0089D293 /* Release */ = {
			isa = XCBuildConfiguration;
			buildSettings = {
				INFOPLIST_FILE = "Workout ManagerUITests/Info.plist";
				LD_RUNPATH_SEARCH_PATHS = "$(inherited) @executable_path/Frameworks @loader_path/Frameworks";
				PRODUCT_BUNDLE_IDENTIFIER = "ca.jvoll.Workout-ManagerUITests";
				PRODUCT_NAME = "$(TARGET_NAME)";
				TEST_TARGET_NAME = "Workout Manager";
			};
			name = Release;
		};
/* End XCBuildConfiguration section */

/* Begin XCConfigurationList section */
		9646566C1DC04A8C0089D293 /* Build configuration list for PBXProject "Workout Manager" */ = {
			isa = XCConfigurationList;
			buildConfigurations = (
				964656991DC04A8C0089D293 /* Debug */,
				9646569A1DC04A8C0089D293 /* Release */,
			);
			defaultConfigurationIsVisible = 0;
			defaultConfigurationName = Release;
		};
		9646569B1DC04A8C0089D293 /* Build configuration list for PBXNativeTarget "Workout Manager" */ = {
			isa = XCConfigurationList;
			buildConfigurations = (
				9646569C1DC04A8C0089D293 /* Debug */,
				9646569D1DC04A8C0089D293 /* Release */,
			);
			defaultConfigurationIsVisible = 0;
			defaultConfigurationName = Release;
		};
		9646569E1DC04A8C0089D293 /* Build configuration list for PBXNativeTarget "Workout ManagerTests" */ = {
			isa = XCConfigurationList;
			buildConfigurations = (
				9646569F1DC04A8C0089D293 /* Debug */,
				964656A01DC04A8C0089D293 /* Release */,
			);
			defaultConfigurationIsVisible = 0;
			defaultConfigurationName = Release;
		};
		964656A11DC04A8C0089D293 /* Build configuration list for PBXNativeTarget "Workout ManagerUITests" */ = {
			isa = XCConfigurationList;
			buildConfigurations = (
				964656A21DC04A8C0089D293 /* Debug */,
				964656A31DC04A8C0089D293 /* Release */,
			);
			defaultConfigurationIsVisible = 0;
			defaultConfigurationName = Release;
		};
/* End XCConfigurationList section */
	};
	rootObject = 964656691DC04A8C0089D293 /* Project object */;
}
